{
  "name": "empty",
  "version": "1.0.0",
  "lockfileVersion": 2,
  "requires": true,
  "packages": {
    "": {
      "name": "empty",
      "version": "1.0.0",
      "license": "ISC",
      "dependencies": {
        "kpay-amazfit": "^2.0.4"
      },
      "devDependencies": {
        "@zeppos/device-types": "^2.0.2",
        "prettier": "2.7.1"
      }
    },
    "node_modules/@zeppos/device-types": {
      "version": "2.0.2",
      "resolved": "https://registry.npmjs.org/@zeppos/device-types/-/device-types-2.0.2.tgz",
      "integrity": "sha512-ViAgcMf2ezgthQRuD9t4IfVp6nd30182l8KnMNmeBlYLOdSqYv/ahM9zD+nRQld02KguXQz526BfEHNRugyKEw==",
      "dev": true
    },
    "node_modules/kpay-amazfit": {
      "version": "2.0.4",
      "resolved": "https://registry.npmjs.org/kpay-amazfit/-/kpay-amazfit-2.0.4.tgz",
      "integrity": "sha512-JiiGnIvGETcaEkKoBCDQzB6AvPirtUsVZAhFWTp3LnJ0RBYN0dni4dBrOZehPruao7Zw5jzWZfjc6Wp/7jzLHQ=="
    },
    "node_modules/prettier": {
      "version": "2.7.1",
      "resolved": "https://registry.npmjs.org/prettier/-/prettier-2.7.1.tgz",
      "integrity": "sha512-ujppO+MkdPqoVINuDFDRLClm7D78qbDt0/NR+wp5FqEZOoTNAjPHWj17QRhu7geIHJfcNhRk1XVQmF8Bp3ye+g==",
      "dev": true,
      "bin": {
        "prettier": "bin-prettier.js"
      },
      "engines": {
        "node": ">=10.13.0"
      },
      "funding": {
        "url": "https://github.com/prettier/prettier?sponsor=1"
      }
    }
  },
  "dependencies": {
    "@zeppos/device-types": {
      "version": "2.0.2",
      "resolved": "https://registry.npmjs.org/@zeppos/device-types/-/device-types-2.0.2.tgz",
      "integrity": "sha512-ViAgcMf2ezgthQRuD9t4IfVp6nd30182l8KnMNmeBlYLOdSqYv/ahM9zD+nRQld02KguXQz526BfEHNRugyKEw==",
      "dev": true
    },
    "kpay-amazfit": {
      "version": "2.0.4",
      "resolved": "https://registry.npmjs.org/kpay-amazfit/-/kpay-amazfit-2.0.4.tgz",
      "integrity": "sha512-JiiGnIvGETcaEkKoBCDQzB6AvPirtUsVZAhFWTp3LnJ0RBYN0dni4dBrOZehPruao7Zw5jzWZfjc6Wp/7jzLHQ=="
    },
    "prettier": {
      "version": "2.7.1",
      "resolved": "https://registry.npmjs.org/prettier/-/prettier-2.7.1.tgz",
      "integrity": "sha512-ujppO+MkdPqoVINuDFDRLClm7D78qbDt0/NR+wp5FqEZOoTNAjPHWj17QRhu7geIHJfcNhRk1XVQmF8Bp3ye+g==",
      "dev": true
    }
  }
}
